
Microsoft Visual Studio Solution File, Format Version 12.00
# Visual Studio Version 16
VisualStudioVersion = 16.0.29613.14
MinimumVisualStudioVersion = 10.0.40219.1
Project("{FAE04EC0-301F-11D3-BF4B-00C04F79EFBC}") = "CMD_Fun", "CMD_Fun\CMD_Fun.csproj", "{83843EC2-8B05-432F-B8E6-5941FE04A1DA}"
EndProject
Global
	GlobalSection(SolutionConfigurationPlatforms) = preSolution
		Debug|Any CPU = Debug|Any CPU
		Release|Any CPU = Release|Any CPU
	EndGlobalSection
	GlobalSection(ProjectConfigurationPlatforms) = postSolution
		{83843EC2-8B05-432F-B8E6-5941FE04A1DA}.Debug|Any CPU.ActiveCfg = Debug|Any CPU
		{83843EC2-8B05-432F-B8E6-5941FE04A1DA}.Debug|Any CPU.Build.0 = Debug|Any CPU
		{83843EC2-8B05-432F-B8E6-5941FE04A1DA}.Release|Any CPU.ActiveCfg = Release|Any CPU
		{83843EC2-8B05-432F-B8E6-5941FE04A1DA}.Release|Any CPU.Build.0 = Release|Any CPU
	EndGlobalSection
	GlobalSection(SolutionProperties) = preSolution
		HideSolutionNode = FALSE
	EndGlobalSection
	GlobalSection(ExtensibilityGlobals) = postSolution
		SolutionGuid = {EBFFFA13-BF4D-4A71-847F-3FE61C4FCC24}
	EndGlobalSection
EndGlobal
